# This file is automatically @generated by Poetry 1.5.1 and should not be changed by hand.

[[package]]
name = "segno"
version = "1.6.0"
description = "QR Code and Micro QR Code generator for Python"
optional = false
python-versions = ">=3.5"
files = [
    {file = "segno-1.6.0-py3-none-any.whl", hash = "sha256:e9c7479e144f750b837f9527fe7492135908b2515586467bc3c893b60a4e4d39"},
    {file = "segno-1.6.0.tar.gz", hash = "sha256:8d3b11098ac6dd93161499544dedbfb187d4459088109b8855ff0bbe98105047"},
]

[metadata]
lock-version = "2.0"
python-versions = "^3.10"
content-hash = "1c7f2db9ae8cb7cb023b906c29938173b6cd7471a6de2bd7f4ffe6bf5abbb574"
